
Microsoft Visual Studio Solution File, Format Version 12.00
# Visual Studio Version 17
VisualStudioVersion = 17.4.33403.182
MinimumVisualStudioVersion = 10.0.40219.1
Project("{FAE04EC0-301F-11D3-BF4B-00C04F79EFBC}") = "Подготовка к экзамену", "Подготовка к экзамену\Подготовка к экзамену.csproj", "{F1702129-742E-4319-8457-DB0FA3CCB3B6}"
EndProject
Global
	GlobalSection(SolutionConfigurationPlatforms) = preSolution
		Debug|Any CPU = Debug|Any CPU
		Release|Any CPU = Release|Any CPU
	EndGlobalSection
	GlobalSection(ProjectConfigurationPlatforms) = postSolution
		{F1702129-742E-4319-8457-DB0FA3CCB3B6}.Debug|Any CPU.ActiveCfg = Debug|Any CPU
		{F1702129-742E-4319-8457-DB0FA3CCB3B6}.Debug|Any CPU.Build.0 = Debug|Any CPU
		{F1702129-742E-4319-8457-DB0FA3CCB3B6}.Release|Any CPU.ActiveCfg = Release|Any CPU
		{F1702129-742E-4319-8457-DB0FA3CCB3B6}.Release|Any CPU.Build.0 = Release|Any CPU
	EndGlobalSection
	GlobalSection(SolutionProperties) = preSolution
		HideSolutionNode = FALSE
	EndGlobalSection
	GlobalSection(ExtensibilityGlobals) = postSolution
		SolutionGuid = {7CAB07AE-7083-47CA-8249-181DE1099328}
	EndGlobalSection
EndGlobal
